// !$*UTF8*$!
{
	archiveVersion = 1;
	classes = {
	};
	objectVersion = 50;
	objects = {

/* Begin PBXBuildFile section */
		1FB061DC2013731D11FE8B4F /* Pods_ParkFinderUITests.framework in Frameworks */ = {isa = PBXBuildFile; fileRef = 3907228053D77048910E0587 /* Pods_ParkFinderUITests.framework */; };
		36B48007456AAD5AC239ECDA /* Pods_ParkFinder.framework in Frameworks */ = {isa = PBXBuildFile; fileRef = E91B18C5A85F287DCDA5FBFF /* Pods_ParkFinder.framework */; };
		40E7A4F6218D34DE007E6300 /* AppDelegate.swift in Sources */ = {isa = PBXBuildFile; fileRef = 40E7A4F5218D34DE007E6300 /* AppDelegate.swift */; };
		40E7A4F8218D34DE007E6300 /* ViewController.swift in Sources */ = {isa = PBXBuildFile; fileRef = 40E7A4F7218D34DE007E6300 /* ViewController.swift */; };
		40E7A4FB218D34DE007E6300 /* Main.storyboard in Resources */ = {isa = PBXBuildFile; fileRef = 40E7A4F9218D34DE007E6300 /* Main.storyboard */; };
		40E7A4FD218D34E0007E6300 /* Assets.xcassets in Resources */ = {isa = PBXBuildFile; fileRef = 40E7A4FC218D34E0007E6300 /* Assets.xcassets */; };
		40E7A500218D34E0007E6300 /* LaunchScreen.storyboard in Resources */ = {isa = PBXBuildFile; fileRef = 40E7A4FE218D34E0007E6300 /* LaunchScreen.storyboard */; };
		40E7A50B218D34E0007E6300 /* ParkFinderTests.swift in Sources */ = {isa = PBXBuildFile; fileRef = 40E7A50A218D34E0007E6300 /* ParkFinderTests.swift */; };
		40E7A516218D34E0007E6300 /* ParkFinderUITests.swift in Sources */ = {isa = PBXBuildFile; fileRef = 40E7A515218D34E0007E6300 /* ParkFinderUITests.swift */; };
		ACA1814DCF482B69BC1BA29F /* Pods_ParkFinderTests.framework in Frameworks */ = {isa = PBXBuildFile; fileRef = 86284219673577BCFF2921B6 /* Pods_ParkFinderTests.framework */; };
		DB8283EB218D890F007C21EC /* user.swift in Sources */ = {isa = PBXBuildFile; fileRef = DB8283EA218D890F007C21EC /* user.swift */; };
		DB8283ED218D89C6007C21EC /* parking_spot.swift in Sources */ = {isa = PBXBuildFile; fileRef = DB8283EC218D89C6007C21EC /* parking_spot.swift */; };
		DB8283EF218D89F9007C21EC /* reservation.swift in Sources */ = {isa = PBXBuildFile; fileRef = DB8283EE218D89F9007C21EC /* reservation.swift */; };
		DB8283F2218D8FBA007C21EC /* ResultsController.swift in Sources */ = {isa = PBXBuildFile; fileRef = DB8283F1218D8FBA007C21EC /* ResultsController.swift */; };
		DB8283F4218DF75B007C21EC /* result_view.swift in Sources */ = {isa = PBXBuildFile; fileRef = DB8283F3218DF75B007C21EC /* result_view.swift */; };
		DB8283F6218E0126007C21EC /* result_view.xib in Resources */ = {isa = PBXBuildFile; fileRef = DB8283F5218E0126007C21EC /* result_view.xib */; };
/* End PBXBuildFile section */

/* Begin PBXContainerItemProxy section */
		40E7A507218D34E0007E6300 /* PBXContainerItemProxy */ = {
			isa = PBXContainerItemProxy;
			containerPortal = 40E7A4EA218D34DE007E6300 /* Project object */;
			proxyType = 1;
			remoteGlobalIDString = 40E7A4F1218D34DE007E6300;
			remoteInfo = ParkFinder;
		};
		40E7A512218D34E0007E6300 /* PBXContainerItemProxy */ = {
			isa = PBXContainerItemProxy;
			containerPortal = 40E7A4EA218D34DE007E6300 /* Project object */;
			proxyType = 1;
			remoteGlobalIDString = 40E7A4F1218D34DE007E6300;
			remoteInfo = ParkFinder;
		};
/* End PBXContainerItemProxy section */

/* Begin PBXFileReference section */
		3907228053D77048910E0587 /* Pods_ParkFinderUITests.framework */ = {isa = PBXFileReference; explicitFileType = wrapper.framework; includeInIndex = 0; path = Pods_ParkFinderUITests.framework; sourceTree = BUILT_PRODUCTS_DIR; };
		40E7A4F2218D34DE007E6300 /* ParkFinder.app */ = {isa = PBXFileReference; explicitFileType = wrapper.application; includeInIndex = 0; path = ParkFinder.app; sourceTree = BUILT_PRODUCTS_DIR; };
		40E7A4F5218D34DE007E6300 /* AppDelegate.swift */ = {isa = PBXFileReference; lastKnownFileType = sourcecode.swift; path = AppDelegate.swift; sourceTree = "<group>"; };
		40E7A4F7218D34DE007E6300 /* ViewController.swift */ = {isa = PBXFileReference; lastKnownFileType = sourcecode.swift; path = ViewController.swift; sourceTree = "<group>"; };
		40E7A4FA218D34DE007E6300 /* Base */ = {isa = PBXFileReference; lastKnownFileType = file.storyboard; name = Base; path = Base.lproj/Main.storyboard; sourceTree = "<group>"; };
		40E7A4FC218D34E0007E6300 /* Assets.xcassets */ = {isa = PBXFileReference; lastKnownFileType = folder.assetcatalog; path = Assets.xcassets; sourceTree = "<group>"; };
		40E7A4FF218D34E0007E6300 /* Base */ = {isa = PBXFileReference; lastKnownFileType = file.storyboard; name = Base; path = Base.lproj/LaunchScreen.storyboard; sourceTree = "<group>"; };
		40E7A501218D34E0007E6300 /* Info.plist */ = {isa = PBXFileReference; lastKnownFileType = text.plist.xml; path = Info.plist; sourceTree = "<group>"; };
		40E7A506218D34E0007E6300 /* ParkFinderTests.xctest */ = {isa = PBXFileReference; explicitFileType = wrapper.cfbundle; includeInIndex = 0; path = ParkFinderTests.xctest; sourceTree = BUILT_PRODUCTS_DIR; };
		40E7A50A218D34E0007E6300 /* ParkFinderTests.swift */ = {isa = PBXFileReference; lastKnownFileType = sourcecode.swift; path = ParkFinderTests.swift; sourceTree = "<group>"; };
		40E7A50C218D34E0007E6300 /* Info.plist */ = {isa = PBXFileReference; lastKnownFileType = text.plist.xml; path = Info.plist; sourceTree = "<group>"; };
		40E7A511218D34E0007E6300 /* ParkFinderUITests.xctest */ = {isa = PBXFileReference; explicitFileType = wrapper.cfbundle; includeInIndex = 0; path = ParkFinderUITests.xctest; sourceTree = BUILT_PRODUCTS_DIR; };
		40E7A515218D34E0007E6300 /* ParkFinderUITests.swift */ = {isa = PBXFileReference; lastKnownFileType = sourcecode.swift; path = ParkFinderUITests.swift; sourceTree = "<group>"; };
		40E7A517218D34E0007E6300 /* Info.plist */ = {isa = PBXFileReference; lastKnownFileType = text.plist.xml; path = Info.plist; sourceTree = "<group>"; };
		40E7A528218D38FB007E6300 /* ParkFinder-Bridging-Header.h */ = {isa = PBXFileReference; lastKnownFileType = sourcecode.c.h; path = "ParkFinder-Bridging-Header.h"; sourceTree = "<group>"; };
		465D97A2355DA96CD66C1855 /* Pods-ParkFinderTests.release.xcconfig */ = {isa = PBXFileReference; includeInIndex = 1; lastKnownFileType = text.xcconfig; name = "Pods-ParkFinderTests.release.xcconfig"; path = "Pods/Target Support Files/Pods-ParkFinderTests/Pods-ParkFinderTests.release.xcconfig"; sourceTree = "<group>"; };
		5EF0A4FBB9DE3A41B996B4C3 /* Pods-ParkFinderUITests.release.xcconfig */ = {isa = PBXFileReference; includeInIndex = 1; lastKnownFileType = text.xcconfig; name = "Pods-ParkFinderUITests.release.xcconfig"; path = "Pods/Target Support Files/Pods-ParkFinderUITests/Pods-ParkFinderUITests.release.xcconfig"; sourceTree = "<group>"; };
		81739BFF3983A458F2F5CCDC /* Pods-ParkFinderUITests.debug.xcconfig */ = {isa = PBXFileReference; includeInIndex = 1; lastKnownFileType = text.xcconfig; name = "Pods-ParkFinderUITests.debug.xcconfig"; path = "Pods/Target Support Files/Pods-ParkFinderUITests/Pods-ParkFinderUITests.debug.xcconfig"; sourceTree = "<group>"; };
		86284219673577BCFF2921B6 /* Pods_ParkFinderTests.framework */ = {isa = PBXFileReference; explicitFileType = wrapper.framework; includeInIndex = 0; path = Pods_ParkFinderTests.framework; sourceTree = BUILT_PRODUCTS_DIR; };
		D5743CA557551812E2A7D1BE /* Pods-ParkFinderTests.debug.xcconfig */ = {isa = PBXFileReference; includeInIndex = 1; lastKnownFileType = text.xcconfig; name = "Pods-ParkFinderTests.debug.xcconfig"; path = "Pods/Target Support Files/Pods-ParkFinderTests/Pods-ParkFinderTests.debug.xcconfig"; sourceTree = "<group>"; };
		DB8283EA218D890F007C21EC /* user.swift */ = {isa = PBXFileReference; lastKnownFileType = sourcecode.swift; path = user.swift; sourceTree = "<group>"; };
		DB8283EC218D89C6007C21EC /* parking_spot.swift */ = {isa = PBXFileReference; lastKnownFileType = sourcecode.swift; path = parking_spot.swift; sourceTree = "<group>"; };
		DB8283EE218D89F9007C21EC /* reservation.swift */ = {isa = PBXFileReference; lastKnownFileType = sourcecode.swift; path = reservation.swift; sourceTree = "<group>"; };
		DB8283F1218D8FBA007C21EC /* ResultsController.swift */ = {isa = PBXFileReference; lastKnownFileType = sourcecode.swift; path = ResultsController.swift; sourceTree = "<group>"; };
		DB8283F3218DF75B007C21EC /* result_view.swift */ = {isa = PBXFileReference; lastKnownFileType = sourcecode.swift; path = result_view.swift; sourceTree = "<group>"; };
		DB8283F5218E0126007C21EC /* result_view.xib */ = {isa = PBXFileReference; lastKnownFileType = file.xib; path = result_view.xib; sourceTree = "<group>"; };
		E91B18C5A85F287DCDA5FBFF /* Pods_ParkFinder.framework */ = {isa = PBXFileReference; explicitFileType = wrapper.framework; includeInIndex = 0; path = Pods_ParkFinder.framework; sourceTree = BUILT_PRODUCTS_DIR; };
		EB897D370DE5B4745C1A930D /* Pods-ParkFinder.debug.xcconfig */ = {isa = PBXFileReference; includeInIndex = 1; lastKnownFileType = text.xcconfig; name = "Pods-ParkFinder.debug.xcconfig"; path = "Pods/Target Support Files/Pods-ParkFinder/Pods-ParkFinder.debug.xcconfig"; sourceTree = "<group>"; };
		F77E970FCBBE7A5CDA38A409 /* Pods-ParkFinder.release.xcconfig */ = {isa = PBXFileReference; includeInIndex = 1; lastKnownFileType = text.xcconfig; name = "Pods-ParkFinder.release.xcconfig"; path = "Pods/Target Support Files/Pods-ParkFinder/Pods-ParkFinder.release.xcconfig"; sourceTree = "<group>"; };
/* End PBXFileReference section */

/* Begin PBXFrameworksBuildPhase section */
		40E7A4EF218D34DE007E6300 /* Frameworks */ = {
			isa = PBXFrameworksBuildPhase;
			buildActionMask = 2147483647;
			files = (
				36B48007456AAD5AC239ECDA /* Pods_ParkFinder.framework in Frameworks */,
			);
			runOnlyForDeploymentPostprocessing = 0;
		};
		40E7A503218D34E0007E6300 /* Frameworks */ = {
			isa = PBXFrameworksBuildPhase;
			buildActionMask = 2147483647;
			files = (
				ACA1814DCF482B69BC1BA29F /* Pods_ParkFinderTests.framework in Frameworks */,
			);
			runOnlyForDeploymentPostprocessing = 0;
		};
		40E7A50E218D34E0007E6300 /* Frameworks */ = {
			isa = PBXFrameworksBuildPhase;
			buildActionMask = 2147483647;
			files = (
				1FB061DC2013731D11FE8B4F /* Pods_ParkFinderUITests.framework in Frameworks */,
			);
			runOnlyForDeploymentPostprocessing = 0;
		};
/* End PBXFrameworksBuildPhase section */

/* Begin PBXGroup section */
		40E7A4E9218D34DE007E6300 = {
			isa = PBXGroup;
			children = (
				40E7A4F4218D34DE007E6300 /* ParkFinder */,
				40E7A509218D34E0007E6300 /* ParkFinderTests */,
				40E7A514218D34E0007E6300 /* ParkFinderUITests */,
				40E7A4F3218D34DE007E6300 /* Products */,
				40E7A528218D38FB007E6300 /* ParkFinder-Bridging-Header.h */,
				6A9F503BE2C71E29F1E1439A /* Pods */,
				EC3A1788DD51A0F905ED264B /* Frameworks */,
			);
			sourceTree = "<group>";
		};
		40E7A4F3218D34DE007E6300 /* Products */ = {
			isa = PBXGroup;
			children = (
				40E7A4F2218D34DE007E6300 /* ParkFinder.app */,
				40E7A506218D34E0007E6300 /* ParkFinderTests.xctest */,
				40E7A511218D34E0007E6300 /* ParkFinderUITests.xctest */,
			);
			name = Products;
			sourceTree = "<group>";
		};
		40E7A4F4218D34DE007E6300 /* ParkFinder */ = {
			isa = PBXGroup;
			children = (
				40E7A4F5218D34DE007E6300 /* AppDelegate.swift */,
				40E7A4F7218D34DE007E6300 /* ViewController.swift */,
				DB8283F1218D8FBA007C21EC /* ResultsController.swift */,
				40E7A4F9218D34DE007E6300 /* Main.storyboard */,
				DB8283F0218D8E43007C21EC /* Class */,
				40E7A4FC218D34E0007E6300 /* Assets.xcassets */,
				40E7A4FE218D34E0007E6300 /* LaunchScreen.storyboard */,
				40E7A501218D34E0007E6300 /* Info.plist */,
			);
			path = ParkFinder;
			sourceTree = "<group>";
		};
		40E7A509218D34E0007E6300 /* ParkFinderTests */ = {
			isa = PBXGroup;
			children = (
				40E7A50A218D34E0007E6300 /* ParkFinderTests.swift */,
				40E7A50C218D34E0007E6300 /* Info.plist */,
			);
			path = ParkFinderTests;
			sourceTree = "<group>";
		};
		40E7A514218D34E0007E6300 /* ParkFinderUITests */ = {
			isa = PBXGroup;
			children = (
				40E7A515218D34E0007E6300 /* ParkFinderUITests.swift */,
				40E7A517218D34E0007E6300 /* Info.plist */,
			);
			path = ParkFinderUITests;
			sourceTree = "<group>";
		};
		6A9F503BE2C71E29F1E1439A /* Pods */ = {
			isa = PBXGroup;
			children = (
				EB897D370DE5B4745C1A930D /* Pods-ParkFinder.debug.xcconfig */,
				F77E970FCBBE7A5CDA38A409 /* Pods-ParkFinder.release.xcconfig */,
				D5743CA557551812E2A7D1BE /* Pods-ParkFinderTests.debug.xcconfig */,
				465D97A2355DA96CD66C1855 /* Pods-ParkFinderTests.release.xcconfig */,
				81739BFF3983A458F2F5CCDC /* Pods-ParkFinderUITests.debug.xcconfig */,
				5EF0A4FBB9DE3A41B996B4C3 /* Pods-ParkFinderUITests.release.xcconfig */,
			);
			name = Pods;
			sourceTree = "<group>";
		};
		DB8283F0218D8E43007C21EC /* Class */ = {
			isa = PBXGroup;
			children = (
				DB8283EA218D890F007C21EC /* user.swift */,
				DB8283EE218D89F9007C21EC /* reservation.swift */,
				DB8283EC218D89C6007C21EC /* parking_spot.swift */,
				DB8283F7218E0144007C21EC /* Result View */,
			);
			path = Class;
			sourceTree = "<group>";
		};
		DB8283F7218E0144007C21EC /* Result View */ = {
			isa = PBXGroup;
			children = (
				DB8283F3218DF75B007C21EC /* result_view.swift */,
				DB8283F5218E0126007C21EC /* result_view.xib */,
			);
			path = "Result View";
			sourceTree = "<group>";
		};
		EC3A1788DD51A0F905ED264B /* Frameworks */ = {
			isa = PBXGroup;
			children = (
				E91B18C5A85F287DCDA5FBFF /* Pods_ParkFinder.framework */,
				86284219673577BCFF2921B6 /* Pods_ParkFinderTests.framework */,
				3907228053D77048910E0587 /* Pods_ParkFinderUITests.framework */,
			);
			name = Frameworks;
			sourceTree = "<group>";
		};
/* End PBXGroup section */

/* Begin PBXNativeTarget section */
		40E7A4F1218D34DE007E6300 /* ParkFinder */ = {
			isa = PBXNativeTarget;
			buildConfigurationList = 40E7A51A218D34E0007E6300 /* Build configuration list for PBXNativeTarget "ParkFinder" */;
			buildPhases = (
				DCBE5A550FA581F68AE8A74B /* [CP] Check Pods Manifest.lock */,
				40E7A4EE218D34DE007E6300 /* Sources */,
				40E7A4EF218D34DE007E6300 /* Frameworks */,
				40E7A4F0218D34DE007E6300 /* Resources */,
				DAE28EB7B87238586AC940F3 /* [CP] Copy Pods Resources */,
			);
			buildRules = (
			);
			dependencies = (
			);
			name = ParkFinder;
			productName = ParkFinder;
			productReference = 40E7A4F2218D34DE007E6300 /* ParkFinder.app */;
			productType = "com.apple.product-type.application";
		};
		40E7A505218D34E0007E6300 /* ParkFinderTests */ = {
			isa = PBXNativeTarget;
			buildConfigurationList = 40E7A51D218D34E0007E6300 /* Build configuration list for PBXNativeTarget "ParkFinderTests" */;
			buildPhases = (
				E33D47738D3EC221809D995A /* [CP] Check Pods Manifest.lock */,
				40E7A502218D34E0007E6300 /* Sources */,
				40E7A503218D34E0007E6300 /* Frameworks */,
				40E7A504218D34E0007E6300 /* Resources */,
			);
			buildRules = (
			);
			dependencies = (
				40E7A508218D34E0007E6300 /* PBXTargetDependency */,
			);
			name = ParkFinderTests;
			productName = ParkFinderTests;
			productReference = 40E7A506218D34E0007E6300 /* ParkFinderTests.xctest */;
			productType = "com.apple.product-type.bundle.unit-test";
		};
		40E7A510218D34E0007E6300 /* ParkFinderUITests */ = {
			isa = PBXNativeTarget;
			buildConfigurationList = 40E7A520218D34E0007E6300 /* Build configuration list for PBXNativeTarget "ParkFinderUITests" */;
			buildPhases = (
				26E98F9FD99026B6ACA79A64 /* [CP] Check Pods Manifest.lock */,
				40E7A50D218D34E0007E6300 /* Sources */,
				40E7A50E218D34E0007E6300 /* Frameworks */,
				40E7A50F218D34E0007E6300 /* Resources */,
			);
			buildRules = (
			);
			dependencies = (
				40E7A513218D34E0007E6300 /* PBXTargetDependency */,
			);
			name = ParkFinderUITests;
			productName = ParkFinderUITests;
			productReference = 40E7A511218D34E0007E6300 /* ParkFinderUITests.xctest */;
			productType = "com.apple.product-type.bundle.ui-testing";
		};
/* End PBXNativeTarget section */

/* Begin PBXProject section */
		40E7A4EA218D34DE007E6300 /* Project object */ = {
			isa = PBXProject;
			attributes = {
				LastSwiftUpdateCheck = 1010;
				LastUpgradeCheck = 1010;
				ORGANIZATIONNAME = "Pedro Lopes";
				TargetAttributes = {
					40E7A4F1218D34DE007E6300 = {
						CreatedOnToolsVersion = 10.1;
						LastSwiftMigration = 1010;
					};
					40E7A505218D34E0007E6300 = {
						CreatedOnToolsVersion = 10.1;
						TestTargetID = 40E7A4F1218D34DE007E6300;
					};
					40E7A510218D34E0007E6300 = {
						CreatedOnToolsVersion = 10.1;
						TestTargetID = 40E7A4F1218D34DE007E6300;
					};
				};
			};
			buildConfigurationList = 40E7A4ED218D34DE007E6300 /* Build configuration list for PBXProject "ParkFinder" */;
			compatibilityVersion = "Xcode 9.3";
			developmentRegion = en;
			hasScannedForEncodings = 0;
			knownRegions = (
				en,
				Base,
			);
			mainGroup = 40E7A4E9218D34DE007E6300;
			productRefGroup = 40E7A4F3218D34DE007E6300 /* Products */;
			projectDirPath = "";
			projectRoot = "";
			targets = (
				40E7A4F1218D34DE007E6300 /* ParkFinder */,
				40E7A505218D34E0007E6300 /* ParkFinderTests */,
				40E7A510218D34E0007E6300 /* ParkFinderUITests */,
			);
		};
/* End PBXProject section */

/* Begin PBXResourcesBuildPhase section */
		40E7A4F0218D34DE007E6300 /* Resources */ = {
			isa = PBXResourcesBuildPhase;
			buildActionMask = 2147483647;
			files = (
				40E7A500218D34E0007E6300 /* LaunchScreen.storyboard in Resources */,
				DB8283F6218E0126007C21EC /* result_view.xib in Resources */,
				40E7A4FD218D34E0007E6300 /* Assets.xcassets in Resources */,
				40E7A4FB218D34DE007E6300 /* Main.storyboard in Resources */,
			);
			runOnlyForDeploymentPostprocessing = 0;
		};
		40E7A504218D34E0007E6300 /* Resources */ = {
			isa = PBXResourcesBuildPhase;
			buildActionMask = 2147483647;
			files = (
			);
			runOnlyForDeploymentPostprocessing = 0;
		};
		40E7A50F218D34E0007E6300 /* Resources */ = {
			isa = PBXResourcesBuildPhase;
			buildActionMask = 2147483647;
			files = (
			);
			runOnlyForDeploymentPostprocessing = 0;
		};
/* End PBXResourcesBuildPhase section */

/* Begin PBXShellScriptBuildPhase section */
		26E98F9FD99026B6ACA79A64 /* [CP] Check Pods Manifest.lock */ = {
			isa = PBXShellScriptBuildPhase;
			buildActionMask = 2147483647;
			files = (
			);
			inputFileListPaths = (
			);
			inputPaths = (
				"${PODS_PODFILE_DIR_PATH}/Podfile.lock",
				"${PODS_ROOT}/Manifest.lock",
			);
			name = "[CP] Check Pods Manifest.lock";
			outputFileListPaths = (
			);
			outputPaths = (
				"$(DERIVED_FILE_DIR)/Pods-ParkFinderUITests-checkManifestLockResult.txt",
			);
			runOnlyForDeploymentPostprocessing = 0;
			shellPath = /bin/sh;
			shellScript = "diff \"${PODS_PODFILE_DIR_PATH}/Podfile.lock\" \"${PODS_ROOT}/Manifest.lock\" > /dev/null\nif [ $? != 0 ] ; then\n    # print error to STDERR\n    echo \"error: The sandbox is not in sync with the Podfile.lock. Run 'pod install' or update your CocoaPods installation.\" >&2\n    exit 1\nfi\n# This output is used by Xcode 'outputs' to avoid re-running this script phase.\necho \"SUCCESS\" > \"${SCRIPT_OUTPUT_FILE_0}\"\n";
			showEnvVarsInLog = 0;
		};
		DAE28EB7B87238586AC940F3 /* [CP] Copy Pods Resources */ = {
			isa = PBXShellScriptBuildPhase;
			buildActionMask = 2147483647;
			files = (
			);
			inputFileListPaths = (
			);
			inputPaths = (
				"${SRCROOT}/Pods/Target Support Files/Pods-ParkFinder/Pods-ParkFinder-resources.sh",
				"${PODS_ROOT}/GoogleMaps/Maps/Frameworks/GoogleMaps.framework/Resources/GoogleMaps.bundle",
				"${PODS_ROOT}/GooglePlaces/Frameworks/GooglePlaces.framework/Resources/GooglePlaces.bundle",
			);
			name = "[CP] Copy Pods Resources";
			outputFileListPaths = (
			);
			outputPaths = (
				"${TARGET_BUILD_DIR}/${UNLOCALIZED_RESOURCES_FOLDER_PATH}/GoogleMaps.bundle",
				"${TARGET_BUILD_DIR}/${UNLOCALIZED_RESOURCES_FOLDER_PATH}/GooglePlaces.bundle",
			);
			runOnlyForDeploymentPostprocessing = 0;
			shellPath = /bin/sh;
			shellScript = "\"${SRCROOT}/Pods/Target Support Files/Pods-ParkFinder/Pods-ParkFinder-resources.sh\"\n";
			showEnvVarsInLog = 0;
		};
		DCBE5A550FA581F68AE8A74B /* [CP] Check Pods Manifest.lock */ = {
			isa = PBXShellScriptBuildPhase;
			buildActionMask = 2147483647;
			files = (
			);
			inputFileListPaths = (
			);
			inputPaths = (
				"${PODS_PODFILE_DIR_PATH}/Podfile.lock",
				"${PODS_ROOT}/Manifest.lock",
			);
			name = "[CP] Check Pods Manifest.lock";
			outputFileListPaths = (
			);
			outputPaths = (
				"$(DERIVED_FILE_DIR)/Pods-ParkFinder-checkManifestLockResult.txt",
			);
			runOnlyForDeploymentPostprocessing = 0;
			shellPath = /bin/sh;
			shellScript = "diff \"${PODS_PODFILE_DIR_PATH}/Podfile.lock\" \"${PODS_ROOT}/Manifest.lock\" > /dev/null\nif [ $? != 0 ] ; then\n    # print error to STDERR\n    echo \"error: The sandbox is not in sync with the Podfile.lock. Run 'pod install' or update your CocoaPods installation.\" >&2\n    exit 1\nfi\n# This output is used by Xcode 'outputs' to avoid re-running this script phase.\necho \"SUCCESS\" > \"${SCRIPT_OUTPUT_FILE_0}\"\n";
			showEnvVarsInLog = 0;
		};
		E33D47738D3EC221809D995A /* [CP] Check Pods Manifest.lock */ = {
			isa = PBXShellScriptBuildPhase;
			buildActionMask = 2147483647;
			files = (
			);
			inputFileListPaths = (
			);
			inputPaths = (
				"${PODS_PODFILE_DIR_PATH}/Podfile.lock",
				"${PODS_ROOT}/Manifest.lock",
			);
			name = "[CP] Check Pods Manifest.lock";
			outputFileListPaths = (
			);
			outputPaths = (
				"$(DERIVED_FILE_DIR)/Pods-ParkFinderTests-checkManifestLockResult.txt",
			);
			runOnlyForDeploymentPostprocessing = 0;
			shellPath = /bin/sh;
			shellScript = "diff \"${PODS_PODFILE_DIR_PATH}/Podfile.lock\" \"${PODS_ROOT}/Manifest.lock\" > /dev/null\nif [ $? != 0 ] ; then\n    # print error to STDERR\n    echo \"error: The sandbox is not in sync with the Podfile.lock. Run 'pod install' or update your CocoaPods installation.\" >&2\n    exit 1\nfi\n# This output is used by Xcode 'outputs' to avoid re-running this script phase.\necho \"SUCCESS\" > \"${SCRIPT_OUTPUT_FILE_0}\"\n";
			showEnvVarsInLog = 0;
		};
/* End PBXShellScriptBuildPhase section */

/* Begin PBXSourcesBuildPhase section */
		40E7A4EE218D34DE007E6300 /* Sources */ = {
			isa = PBXSourcesBuildPhase;
			buildActionMask = 2147483647;
			files = (
				40E7A4F8218D34DE007E6300 /* ViewController.swift in Sources */,
				40E7A4F6218D34DE007E6300 /* AppDelegate.swift in Sources */,
				DB8283F2218D8FBA007C21EC /* ResultsController.swift in Sources */,
				DB8283EF218D89F9007C21EC /* reservation.swift in Sources */,
				DB8283ED218D89C6007C21EC /* parking_spot.swift in Sources */,
				DB8283F4218DF75B007C21EC /* result_view.swift in Sources */,
				DB8283EB218D890F007C21EC /* user.swift in Sources */,
			);
			runOnlyForDeploymentPostprocessing = 0;
		};
		40E7A502218D34E0007E6300 /* Sources */ = {
			isa = PBXSourcesBuildPhase;
			buildActionMask = 2147483647;
			files = (
				40E7A50B218D34E0007E6300 /* ParkFinderTests.swift in Sources */,
			);
			runOnlyForDeploymentPostprocessing = 0;
		};
		40E7A50D218D34E0007E6300 /* Sources */ = {
			isa = PBXSourcesBuildPhase;
			buildActionMask = 2147483647;
			files = (
				40E7A516218D34E0007E6300 /* ParkFinderUITests.swift in Sources */,
			);
			runOnlyForDeploymentPostprocessing = 0;
		};
/* End PBXSourcesBuildPhase section */

/* Begin PBXTargetDependency section */
		40E7A508218D34E0007E6300 /* PBXTargetDependency */ = {
			isa = PBXTargetDependency;
			target = 40E7A4F1218D34DE007E6300 /* ParkFinder */;
			targetProxy = 40E7A507218D34E0007E6300 /* PBXContainerItemProxy */;
		};
		40E7A513218D34E0007E6300 /* PBXTargetDependency */ = {
			isa = PBXTargetDependency;
			target = 40E7A4F1218D34DE007E6300 /* ParkFinder */;
			targetProxy = 40E7A512218D34E0007E6300 /* PBXContainerItemProxy */;
		};
/* End PBXTargetDependency section */

/* Begin PBXVariantGroup section */
		40E7A4F9218D34DE007E6300 /* Main.storyboard */ = {
			isa = PBXVariantGroup;
			children = (
				40E7A4FA218D34DE007E6300 /* Base */,
			);
			name = Main.storyboard;
			sourceTree = "<group>";
		};
		40E7A4FE218D34E0007E6300 /* LaunchScreen.storyboard */ = {
			isa = PBXVariantGroup;
			children = (
				40E7A4FF218D34E0007E6300 /* Base */,
			);
			name = LaunchScreen.storyboard;
			sourceTree = "<group>";
		};
/* End PBXVariantGroup section */

/* Begin XCBuildConfiguration section */
		40E7A518218D34E0007E6300 /* Debug */ = {
			isa = XCBuildConfiguration;
			buildSettings = {
				ALWAYS_SEARCH_USER_PATHS = NO;
				CLANG_ANALYZER_NONNULL = YES;
				CLANG_ANALYZER_NUMBER_OBJECT_CONVERSION = YES_AGGRESSIVE;
				CLANG_CXX_LANGUAGE_STANDARD = "gnu++14";
				CLANG_CXX_LIBRARY = "libc++";
				CLANG_ENABLE_MODULES = YES;
				CLANG_ENABLE_OBJC_ARC = YES;
				CLANG_ENABLE_OBJC_WEAK = YES;
				CLANG_WARN_BLOCK_CAPTURE_AUTORELEASING = YES;
				CLANG_WARN_BOOL_CONVERSION = YES;
				CLANG_WARN_COMMA = YES;
				CLANG_WARN_CONSTANT_CONVERSION = YES;
				CLANG_WARN_DEPRECATED_OBJC_IMPLEMENTATIONS = YES;
				CLANG_WARN_DIRECT_OBJC_ISA_USAGE = YES_ERROR;
				CLANG_WARN_DOCUMENTATION_COMMENTS = YES;
				CLANG_WARN_EMPTY_BODY = YES;
				CLANG_WARN_ENUM_CONVERSION = YES;
				CLANG_WARN_INFINITE_RECURSION = YES;
				CLANG_WARN_INT_CONVERSION = YES;
				CLANG_WARN_NON_LITERAL_NULL_CONVERSION = YES;
				CLANG_WARN_OBJC_IMPLICIT_RETAIN_SELF = YES;
				CLANG_WARN_OBJC_LITERAL_CONVERSION = YES;
				CLANG_WARN_OBJC_ROOT_CLASS = YES_ERROR;
				CLANG_WARN_RANGE_LOOP_ANALYSIS = YES;
				CLANG_WARN_STRICT_PROTOTYPES = YES;
				CLANG_WARN_SUSPICIOUS_MOVE = YES;
				CLANG_WARN_UNGUARDED_AVAILABILITY = YES_AGGRESSIVE;
				CLANG_WARN_UNREACHABLE_CODE = YES;
				CLANG_WARN__DUPLICATE_METHOD_MATCH = YES;
				CODE_SIGN_IDENTITY = "iPhone Developer";
				COPY_PHASE_STRIP = NO;
				DEBUG_INFORMATION_FORMAT = dwarf;
				ENABLE_STRICT_OBJC_MSGSEND = YES;
				ENABLE_TESTABILITY = YES;
				GCC_C_LANGUAGE_STANDARD = gnu11;
				GCC_DYNAMIC_NO_PIC = NO;
				GCC_NO_COMMON_BLOCKS = YES;
				GCC_OPTIMIZATION_LEVEL = 0;
				GCC_PREPROCESSOR_DEFINITIONS = (
					"DEBUG=1",
					"$(inherited)",
				);
				GCC_WARN_64_TO_32_BIT_CONVERSION = YES;
				GCC_WARN_ABOUT_RETURN_TYPE = YES_ERROR;
				GCC_WARN_UNDECLARED_SELECTOR = YES;
				GCC_WARN_UNINITIALIZED_AUTOS = YES_AGGRESSIVE;
				GCC_WARN_UNUSED_FUNCTION = YES;
				GCC_WARN_UNUSED_VARIABLE = YES;
				IPHONEOS_DEPLOYMENT_TARGET = 12.1;
				MTL_ENABLE_DEBUG_INFO = INCLUDE_SOURCE;
				MTL_FAST_MATH = YES;
				ONLY_ACTIVE_ARCH = YES;
				SDKROOT = iphoneos;
				SWIFT_ACTIVE_COMPILATION_CONDITIONS = DEBUG;
				SWIFT_OPTIMIZATION_LEVEL = "-Onone";
			};
			name = Debug;
		};
		40E7A519218D34E0007E6300 /* Release */ = {
			isa = XCBuildConfiguration;
			buildSettings = {
				ALWAYS_SEARCH_USER_PATHS = NO;
				CLANG_ANALYZER_NONNULL = YES;
				CLANG_ANALYZER_NUMBER_OBJECT_CONVERSION = YES_AGGRESSIVE;
				CLANG_CXX_LANGUAGE_STANDARD = "gnu++14";
				CLANG_CXX_LIBRARY = "libc++";
				CLANG_ENABLE_MODULES = YES;
				CLANG_ENABLE_OBJC_ARC = YES;
				CLANG_ENABLE_OBJC_WEAK = YES;
				CLANG_WARN_BLOCK_CAPTURE_AUTORELEASING = YES;
				CLANG_WARN_BOOL_CONVERSION = YES;
				CLANG_WARN_COMMA = YES;
				CLANG_WARN_CONSTANT_CONVERSION = YES;
				CLANG_WARN_DEPRECATED_OBJC_IMPLEMENTATIONS = YES;
				CLANG_WARN_DIRECT_OBJC_ISA_USAGE = YES_ERROR;
				CLANG_WARN_DOCUMENTATION_COMMENTS = YES;
				CLANG_WARN_EMPTY_BODY = YES;
				CLANG_WARN_ENUM_CONVERSION = YES;
				CLANG_WARN_INFINITE_RECURSION = YES;
				CLANG_WARN_INT_CONVERSION = YES;
				CLANG_WARN_NON_LITERAL_NULL_CONVERSION = YES;
				CLANG_WARN_OBJC_IMPLICIT_RETAIN_SELF = YES;
				CLANG_WARN_OBJC_LITERAL_CONVERSION = YES;
				CLANG_WARN_OBJC_ROOT_CLASS = YES_ERROR;
				CLANG_WARN_RANGE_LOOP_ANALYSIS = YES;
				CLANG_WARN_STRICT_PROTOTYPES = YES;
				CLANG_WARN_SUSPICIOUS_MOVE = YES;
				CLANG_WARN_UNGUARDED_AVAILABILITY = YES_AGGRESSIVE;
				CLANG_WARN_UNREACHABLE_CODE = YES;
				CLANG_WARN__DUPLICATE_METHOD_MATCH = YES;
				CODE_SIGN_IDENTITY = "iPhone Developer";
				COPY_PHASE_STRIP = NO;
				DEBUG_INFORMATION_FORMAT = "dwarf-with-dsym";
				ENABLE_NS_ASSERTIONS = NO;
				ENABLE_STRICT_OBJC_MSGSEND = YES;
				GCC_C_LANGUAGE_STANDARD = gnu11;
				GCC_NO_COMMON_BLOCKS = YES;
				GCC_WARN_64_TO_32_BIT_CONVERSION = YES;
				GCC_WARN_ABOUT_RETURN_TYPE = YES_ERROR;
				GCC_WARN_UNDECLARED_SELECTOR = YES;
				GCC_WARN_UNINITIALIZED_AUTOS = YES_AGGRESSIVE;
				GCC_WARN_UNUSED_FUNCTION = YES;
				GCC_WARN_UNUSED_VARIABLE = YES;
				IPHONEOS_DEPLOYMENT_TARGET = 12.1;
				MTL_ENABLE_DEBUG_INFO = NO;
				MTL_FAST_MATH = YES;
				SDKROOT = iphoneos;
				SWIFT_COMPILATION_MODE = wholemodule;
				SWIFT_OPTIMIZATION_LEVEL = "-O";
				VALIDATE_PRODUCT = YES;
			};
			name = Release;
		};
		40E7A51B218D34E0007E6300 /* Debug */ = {
			isa = XCBuildConfiguration;
			baseConfigurationReference = EB897D370DE5B4745C1A930D /* Pods-ParkFinder.debug.xcconfig */;
			buildSettings = {
				ASSETCATALOG_COMPILER_APPICON_NAME = "AppIcon-1";
				CLANG_ENABLE_MODULES = YES;
				CODE_SIGN_STYLE = Automatic;
				INFOPLIST_FILE = ParkFinder/Info.plist;
				LD_RUNPATH_SEARCH_PATHS = (
					"$(inherited)",
					"@executable_path/Frameworks",
				);
				PRODUCT_BUNDLE_IDENTIFIER = teste.ParkFinder;
				PRODUCT_NAME = "$(TARGET_NAME)";
				SWIFT_OBJC_BRIDGING_HEADER = "ParkFinder-Bridging-Header.h";
				SWIFT_OPTIMIZATION_LEVEL = "-Onone";
				SWIFT_VERSION = 4.2;
				TARGETED_DEVICE_FAMILY = "1,2";
			};
			name = Debug;
		};
		40E7A51C218D34E0007E6300 /* Release */ = {
			isa = XCBuildConfiguration;
			baseConfigurationReference = F77E970FCBBE7A5CDA38A409 /* Pods-ParkFinder.release.xcconfig */;
			buildSettings = {
				ASSETCATALOG_COMPILER_APPICON_NAME = "AppIcon-1";
				CLANG_ENABLE_MODULES = YES;
				CODE_SIGN_STYLE = Automatic;
				INFOPLIST_FILE = ParkFinder/Info.plist;
				LD_RUNPATH_SEARCH_PATHS = (
					"$(inherited)",
					"@executable_path/Frameworks",
				);
				PRODUCT_BUNDLE_IDENTIFIER = teste.ParkFinder;
				PRODUCT_NAME = "$(TARGET_NAME)";
				SWIFT_OBJC_BRIDGING_HEADER = "ParkFinder-Bridging-Header.h";
				SWIFT_VERSION = 4.2;
				TARGETED_DEVICE_FAMILY = "1,2";
			};
			name = Release;
		};
		40E7A51E218D34E0007E6300 /* Debug */ = {
			isa = XCBuildConfiguration;
			baseConfigurationReference = D5743CA557551812E2A7D1BE /* Pods-ParkFinderTests.debug.xcconfig */;
			buildSettings = {
				ALWAYS_EMBED_SWIFT_STANDARD_LIBRARIES = YES;
				BUNDLE_LOADER = "$(TEST_HOST)";
				CODE_SIGN_STYLE = Automatic;
				INFOPLIST_FILE = ParkFinderTests/Info.plist;
				LD_RUNPATH_SEARCH_PATHS = (
					"$(inherited)",
					"@executable_path/Frameworks",
					"@loader_path/Frameworks",
				);
				PRODUCT_BUNDLE_IDENTIFIER = teste.ParkFinderTests;
				PRODUCT_NAME = "$(TARGET_NAME)";
				SWIFT_VERSION = 4.2;
				TARGETED_DEVICE_FAMILY = "1,2";
				TEST_HOST = "$(BUILT_PRODUCTS_DIR)/ParkFinder.app/ParkFinder";
			};
			name = Debug;
		};
		40E7A51F218D34E0007E6300 /* Release */ = {
			isa = XCBuildConfiguration;
			baseConfigurationReference = 465D97A2355DA96CD66C1855 /* Pods-ParkFinderTests.release.xcconfig */;
			buildSettings = {
				ALWAYS_EMBED_SWIFT_STANDARD_LIBRARIES = YES;
				BUNDLE_LOADER = "$(TEST_HOST)";
				CODE_SIGN_STYLE = Automatic;
				INFOPLIST_FILE = ParkFinderTests/Info.plist;
				LD_RUNPATH_SEARCH_PATHS = (
					"$(inherited)",
					"@executable_path/Frameworks",
					"@loader_path/Frameworks",
				);
				PRODUCT_BUNDLE_IDENTIFIER = teste.ParkFinderTests;
				PRODUCT_NAME = "$(TARGET_NAME)";
				SWIFT_VERSION = 4.2;
				TARGETED_DEVICE_FAMILY = "1,2";
				TEST_HOST = "$(BUILT_PRODUCTS_DIR)/ParkFinder.app/ParkFinder";
			};
			name = Release;
		};
		40E7A521218D34E0007E6300 /* Debug */ = {
			isa = XCBuildConfiguration;
			baseConfigurationReference = 81739BFF3983A458F2F5CCDC /* Pods-ParkFinderUITests.debug.xcconfig */;
			buildSettings = {
				ALWAYS_EMBED_SWIFT_STANDARD_LIBRARIES = YES;
				CODE_SIGN_STYLE = Automatic;
				INFOPLIST_FILE = ParkFinderUITests/Info.plist;
				LD_RUNPATH_SEARCH_PATHS = (
					"$(inherited)",
					"@executable_path/Frameworks",
					"@loader_path/Frameworks",
				);
				PRODUCT_BUNDLE_IDENTIFIER = teste.ParkFinderUITests;
				PRODUCT_NAME = "$(TARGET_NAME)";
				SWIFT_VERSION = 4.2;
				TARGETED_DEVICE_FAMILY = "1,2";
				TEST_TARGET_NAME = ParkFinder;
			};
			name = Debug;
		};
		40E7A522218D34E0007E6300 /* Release */ = {
			isa = XCBuildConfiguration;
			baseConfigurationReference = 5EF0A4FBB9DE3A41B996B4C3 /* Pods-ParkFinderUITests.release.xcconfig */;
			buildSettings = {
				ALWAYS_EMBED_SWIFT_STANDARD_LIBRARIES = YES;
				CODE_SIGN_STYLE = Automatic;
				INFOPLIST_FILE = ParkFinderUITests/Info.plist;
				LD_RUNPATH_SEARCH_PATHS = (
					"$(inherited)",
					"@executable_path/Frameworks",
					"@loader_path/Frameworks",
				);
				PRODUCT_BUNDLE_IDENTIFIER = teste.ParkFinderUITests;
				PRODUCT_NAME = "$(TARGET_NAME)";
				SWIFT_VERSION = 4.2;
				TARGETED_DEVICE_FAMILY = "1,2";
				TEST_TARGET_NAME = ParkFinder;
			};
			name = Release;
		};
/* End XCBuildConfiguration section */

/* Begin XCConfigurationList section */
		40E7A4ED218D34DE007E6300 /* Build configuration list for PBXProject "ParkFinder" */ = {
			isa = XCConfigurationList;
			buildConfigurations = (
				40E7A518218D34E0007E6300 /* Debug */,
				40E7A519218D34E0007E6300 /* Release */,
			);
			defaultConfigurationIsVisible = 0;
			defaultConfigurationName = Release;
		};
		40E7A51A218D34E0007E6300 /* Build configuration list for PBXNativeTarget "ParkFinder" */ = {
			isa = XCConfigurationList;
			buildConfigurations = (
				40E7A51B218D34E0007E6300 /* Debug */,
				40E7A51C218D34E0007E6300 /* Release */,
			);
			defaultConfigurationIsVisible = 0;
			defaultConfigurationName = Release;
		};
		40E7A51D218D34E0007E6300 /* Build configuration list for PBXNativeTarget "ParkFinderTests" */ = {
			isa = XCConfigurationList;
			buildConfigurations = (
				40E7A51E218D34E0007E6300 /* Debug */,
				40E7A51F218D34E0007E6300 /* Release */,
			);
			defaultConfigurationIsVisible = 0;
			defaultConfigurationName = Release;
		};
		40E7A520218D34E0007E6300 /* Build configuration list for PBXNativeTarget "ParkFinderUITests" */ = {
			isa = XCConfigurationList;
			buildConfigurations = (
				40E7A521218D34E0007E6300 /* Debug */,
				40E7A522218D34E0007E6300 /* Release */,
			);
			defaultConfigurationIsVisible = 0;
			defaultConfigurationName = Release;
		};
/* End XCConfigurationList section */
	};
	rootObject = 40E7A4EA218D34DE007E6300 /* Project object */;
}
